
Microsoft Visual Studio Solution File, Format Version 12.00
# Visual Studio Version 16
VisualStudioVersion = 16.0.32002.261
MinimumVisualStudioVersion = 10.0.40219.1
Project("{FAE04EC0-301F-11D3-BF4B-00C04F79EFBC}") = "WebApiproject1", "WebApiproject1.csproj", "{F9C1B982-C539-42DE-AF14-EA400C770AD9}"
EndProject
Global
	GlobalSection(SolutionConfigurationPlatforms) = preSolution
		Debug|Any CPU = Debug|Any CPU
		Release|Any CPU = Release|Any CPU
	EndGlobalSection
	GlobalSection(ProjectConfigurationPlatforms) = postSolution
		{F9C1B982-C539-42DE-AF14-EA400C770AD9}.Debug|Any CPU.ActiveCfg = Debug|Any CPU
		{F9C1B982-C539-42DE-AF14-EA400C770AD9}.Debug|Any CPU.Build.0 = Debug|Any CPU
		{F9C1B982-C539-42DE-AF14-EA400C770AD9}.Release|Any CPU.ActiveCfg = Release|Any CPU
		{F9C1B982-C539-42DE-AF14-EA400C770AD9}.Release|Any CPU.Build.0 = Release|Any CPU
	EndGlobalSection
	GlobalSection(SolutionProperties) = preSolution
		HideSolutionNode = FALSE
	EndGlobalSection
	GlobalSection(ExtensibilityGlobals) = postSolution
		SolutionGuid = {D23FD733-3D5D-44B6-9902-78C57CF555B8}
	EndGlobalSection
EndGlobal
